
Microsoft Visual Studio Solution File, Format Version 12.00
# Visual Studio Version 17
VisualStudioVersion = 17.13.35931.197 d17.13
MinimumVisualStudioVersion = 10.0.40219.1
Project("{FAE04EC0-301F-11D3-BF4B-00C04F79EFBC}") = "ExamSystemAPI", "ExamSystemAPI\ExamSystemAPI.csproj", "{F16CFEFA-F7A4-45CE-803F-4A2A200911ED}"
EndProject
Global
	GlobalSection(SolutionConfigurationPlatforms) = preSolution
		Debug|Any CPU = Debug|Any CPU
		Release|Any CPU = Release|Any CPU
	EndGlobalSection
	GlobalSection(ProjectConfigurationPlatforms) = postSolution
		{F16CFEFA-F7A4-45CE-803F-4A2A200911ED}.Debug|Any CPU.ActiveCfg = Debug|Any CPU
		{F16CFEFA-F7A4-45CE-803F-4A2A200911ED}.Debug|Any CPU.Build.0 = Debug|Any CPU
		{F16CFEFA-F7A4-45CE-803F-4A2A200911ED}.Release|Any CPU.ActiveCfg = Release|Any CPU
		{F16CFEFA-F7A4-45CE-803F-4A2A200911ED}.Release|Any CPU.Build.0 = Release|Any CPU
	EndGlobalSection
	GlobalSection(SolutionProperties) = preSolution
		HideSolutionNode = FALSE
	EndGlobalSection
	GlobalSection(ExtensibilityGlobals) = postSolution
		SolutionGuid = {199A0F72-2654-482A-A713-8D92CCCAA04E}
	EndGlobalSection
EndGlobal
